
Microsoft Visual Studio Solution File, Format Version 12.00
# Visual Studio Version 17
VisualStudioVersion = 17.1.32228.430
MinimumVisualStudioVersion = 10.0.40219.1
Project("{FAE04EC0-301F-11D3-BF4B-00C04F79EFBC}") = "PieShop.Web", "PieShop.Web\PieShop.Web.csproj", "{0A2F595F-B973-47A7-8224-9F0B20F1A5DF}"
EndProject
Project("{FAE04EC0-301F-11D3-BF4B-00C04F79EFBC}") = "PieShop.Data", "PieShop.Data\PieShop.Data.csproj", "{B5FCB13D-789A-4CCB-B1F3-1F0FFFB669B8}"
EndProject
Project("{FAE04EC0-301F-11D3-BF4B-00C04F79EFBC}") = "PieShop.Core", "PieShop.Core\PieShop.Core.csproj", "{93EC2711-9864-418B-8F42-AFDA62AC7945}"
EndProject
Global
	GlobalSection(SolutionConfigurationPlatforms) = preSolution
		Debug|Any CPU = Debug|Any CPU
		Release|Any CPU = Release|Any CPU
	EndGlobalSection
	GlobalSection(ProjectConfigurationPlatforms) = postSolution
		{0A2F595F-B973-47A7-8224-9F0B20F1A5DF}.Debug|Any CPU.ActiveCfg = Debug|Any CPU
		{0A2F595F-B973-47A7-8224-9F0B20F1A5DF}.Debug|Any CPU.Build.0 = Debug|Any CPU
		{0A2F595F-B973-47A7-8224-9F0B20F1A5DF}.Release|Any CPU.ActiveCfg = Release|Any CPU
		{0A2F595F-B973-47A7-8224-9F0B20F1A5DF}.Release|Any CPU.Build.0 = Release|Any CPU
		{B5FCB13D-789A-4CCB-B1F3-1F0FFFB669B8}.Debug|Any CPU.ActiveCfg = Debug|Any CPU
		{B5FCB13D-789A-4CCB-B1F3-1F0FFFB669B8}.Debug|Any CPU.Build.0 = Debug|Any CPU
		{B5FCB13D-789A-4CCB-B1F3-1F0FFFB669B8}.Release|Any CPU.ActiveCfg = Release|Any CPU
		{B5FCB13D-789A-4CCB-B1F3-1F0FFFB669B8}.Release|Any CPU.Build.0 = Release|Any CPU
		{93EC2711-9864-418B-8F42-AFDA62AC7945}.Debug|Any CPU.ActiveCfg = Debug|Any CPU
		{93EC2711-9864-418B-8F42-AFDA62AC7945}.Debug|Any CPU.Build.0 = Debug|Any CPU
		{93EC2711-9864-418B-8F42-AFDA62AC7945}.Release|Any CPU.ActiveCfg = Release|Any CPU
		{93EC2711-9864-418B-8F42-AFDA62AC7945}.Release|Any CPU.Build.0 = Release|Any CPU
	EndGlobalSection
	GlobalSection(SolutionProperties) = preSolution
		HideSolutionNode = FALSE
	EndGlobalSection
	GlobalSection(ExtensibilityGlobals) = postSolution
		SolutionGuid = {5AA9DB17-A5D8-4D09-ADED-F6ACA9CF66D8}
	EndGlobalSection
EndGlobal
